
Microsoft Visual Studio Solution File, Format Version 12.00
# Visual Studio Version 17
VisualStudioVersion = 17.0.31903.59
MinimumVisualStudioVersion = 10.0.40219.1
Project("{9A19103F-16F7-4668-BE54-9A1E7A4F7556}") = "Programanco.CSharp.Demos", "Programando.CSharp.Demos\Programanco.CSharp.Demos.csproj", "{6311AA60-7EB6-4CE7-9556-AC13CE306232}"
EndProject
Project("{2150E333-8FDC-42A3-9474-1A3956D46DE8}") = "Programando.CSharp.Ejercicios.ConsoleApp", "Programando.CSharp.Ejercicios.ConsoleApp", "{FA53EE31-5CF5-4541-BF85-69A13B0CF144}"
EndProject
Project("{9A19103F-16F7-4668-BE54-9A1E7A4F7556}") = "Programando.CSharp.Ejercicios.ConsoleApp1", "Programando.CSharp.Ejercicios.ConsoleApp1\Programando.CSharp.Ejercicios.ConsoleApp1.csproj", "{85D13BFF-30EB-403C-84A3-DBF3A2E832AC}"
EndProject
Project("{9A19103F-16F7-4668-BE54-9A1E7A4F7556}") = "Programando.CSharp.ConsoleEF", "Programando.CSharp.ConsoleEF\Programando.CSharp.ConsoleEF.csproj", "{B1334FEE-5607-4E42-ACAE-89E999EE7702}"
EndProject
Project("{9A19103F-16F7-4668-BE54-9A1E7A4F7556}") = "Programando.CSharp.WebApplication2", "Programando.CSharp.WebApplication2\Programando.CSharp.WebApplication2.csproj", "{9FCF5118-FD18-4C91-BCC0-1987FB41E9F0}"
EndProject
Project("{FAE04EC0-301F-11D3-BF4B-00C04F79EFBC}") = "Programando.CSharp.Ejercicios.LINQ", "Programando.CSharp.Ejercicios.LINQ\Programando.CSharp.Ejercicios.LINQ.csproj", "{44FC4C7D-FDFC-4B11-B9ED-92680754D27A}"
EndProject
Project("{FAE04EC0-301F-11D3-BF4B-00C04F79EFBC}") = "Programando.CSharp.WebAPI1", "Programando.CSharp.WebAPI1\Programando.CSharp.WebAPI1.csproj", "{BF1093BA-E59F-4B37-981A-0DB15A80B3B9}"
EndProject
Project("{FAE04EC0-301F-11D3-BF4B-00C04F79EFBC}") = "Programando.CSharp.ConsoleHttpClient", "Programando.CSharp.ConsoleHttpClient\Programando.CSharp.ConsoleHttpClient.csproj", "{C5538ED7-0247-4647-9D98-F9200EE52683}"
	ProjectSection(ProjectDependencies) = postProject
		{B1334FEE-5607-4E42-ACAE-89E999EE7702} = {B1334FEE-5607-4E42-ACAE-89E999EE7702}
	EndProjectSection
EndProject
Global
	GlobalSection(SolutionConfigurationPlatforms) = preSolution
		Debug|Any CPU = Debug|Any CPU
		Release|Any CPU = Release|Any CPU
	EndGlobalSection
	GlobalSection(ProjectConfigurationPlatforms) = postSolution
		{6311AA60-7EB6-4CE7-9556-AC13CE306232}.Debug|Any CPU.ActiveCfg = Debug|Any CPU
		{6311AA60-7EB6-4CE7-9556-AC13CE306232}.Debug|Any CPU.Build.0 = Debug|Any CPU
		{6311AA60-7EB6-4CE7-9556-AC13CE306232}.Release|Any CPU.ActiveCfg = Release|Any CPU
		{6311AA60-7EB6-4CE7-9556-AC13CE306232}.Release|Any CPU.Build.0 = Release|Any CPU
		{85D13BFF-30EB-403C-84A3-DBF3A2E832AC}.Debug|Any CPU.ActiveCfg = Debug|Any CPU
		{85D13BFF-30EB-403C-84A3-DBF3A2E832AC}.Debug|Any CPU.Build.0 = Debug|Any CPU
		{85D13BFF-30EB-403C-84A3-DBF3A2E832AC}.Release|Any CPU.ActiveCfg = Release|Any CPU
		{85D13BFF-30EB-403C-84A3-DBF3A2E832AC}.Release|Any CPU.Build.0 = Release|Any CPU
		{B1334FEE-5607-4E42-ACAE-89E999EE7702}.Debug|Any CPU.ActiveCfg = Debug|Any CPU
		{B1334FEE-5607-4E42-ACAE-89E999EE7702}.Debug|Any CPU.Build.0 = Debug|Any CPU
		{B1334FEE-5607-4E42-ACAE-89E999EE7702}.Release|Any CPU.ActiveCfg = Release|Any CPU
		{B1334FEE-5607-4E42-ACAE-89E999EE7702}.Release|Any CPU.Build.0 = Release|Any CPU
		{9FCF5118-FD18-4C91-BCC0-1987FB41E9F0}.Debug|Any CPU.ActiveCfg = Debug|Any CPU
		{9FCF5118-FD18-4C91-BCC0-1987FB41E9F0}.Debug|Any CPU.Build.0 = Debug|Any CPU
		{9FCF5118-FD18-4C91-BCC0-1987FB41E9F0}.Release|Any CPU.ActiveCfg = Release|Any CPU
		{9FCF5118-FD18-4C91-BCC0-1987FB41E9F0}.Release|Any CPU.Build.0 = Release|Any CPU
		{44FC4C7D-FDFC-4B11-B9ED-92680754D27A}.Debug|Any CPU.ActiveCfg = Debug|Any CPU
		{44FC4C7D-FDFC-4B11-B9ED-92680754D27A}.Debug|Any CPU.Build.0 = Debug|Any CPU
		{44FC4C7D-FDFC-4B11-B9ED-92680754D27A}.Release|Any CPU.ActiveCfg = Release|Any CPU
		{44FC4C7D-FDFC-4B11-B9ED-92680754D27A}.Release|Any CPU.Build.0 = Release|Any CPU
		{BF1093BA-E59F-4B37-981A-0DB15A80B3B9}.Debug|Any CPU.ActiveCfg = Debug|Any CPU
		{BF1093BA-E59F-4B37-981A-0DB15A80B3B9}.Debug|Any CPU.Build.0 = Debug|Any CPU
		{BF1093BA-E59F-4B37-981A-0DB15A80B3B9}.Release|Any CPU.ActiveCfg = Release|Any CPU
		{BF1093BA-E59F-4B37-981A-0DB15A80B3B9}.Release|Any CPU.Build.0 = Release|Any CPU
		{C5538ED7-0247-4647-9D98-F9200EE52683}.Debug|Any CPU.ActiveCfg = Debug|Any CPU
		{C5538ED7-0247-4647-9D98-F9200EE52683}.Debug|Any CPU.Build.0 = Debug|Any CPU
		{C5538ED7-0247-4647-9D98-F9200EE52683}.Release|Any CPU.ActiveCfg = Release|Any CPU
		{C5538ED7-0247-4647-9D98-F9200EE52683}.Release|Any CPU.Build.0 = Release|Any CPU
	EndGlobalSection
	GlobalSection(SolutionProperties) = preSolution
		HideSolutionNode = FALSE
	EndGlobalSection
	GlobalSection(NestedProjects) = preSolution
		{85D13BFF-30EB-403C-84A3-DBF3A2E832AC} = {FA53EE31-5CF5-4541-BF85-69A13B0CF144}
		{44FC4C7D-FDFC-4B11-B9ED-92680754D27A} = {FA53EE31-5CF5-4541-BF85-69A13B0CF144}
	EndGlobalSection
	GlobalSection(ExtensibilityGlobals) = postSolution
		SolutionGuid = {B94FAAF5-3C10-4323-BA92-72284A09CC52}
	EndGlobalSection
EndGlobal
